<Solution>
  <Folder Name="/.solution/">
    <File Path="global.json" />
    <File Path="Directory.Packages.props" />
  </Folder>
  <Project Path="PlayAPI.Tests/PlayAPI.Tests.csproj" />
  <Project Path="CatalogAPI/CatalogAPI.csproj" />
  <Project Path="PlayAPI/PlayAPI.csproj" />
  <Project Path="ServiceDefaults/ServiceDefaults.csproj" />
</Solution>
