<Solution>
  <Folder Name="/.solution/">
    <File Path="global.json" />
    <File Path="Directory.Packages.props" />
  </Folder>
  <Project Path="AppHost/AppHost.csproj" />
  <Project Path="Backend.Tests/Backend.Tests.csproj" />
  <Project Path="CatalogAPI/CatalogAPI.csproj" />
  <Project Path="PlayAPI/PlayAPI.csproj" />
  <Project Path="ServiceDefaults/ServiceDefaults.csproj" />
</Solution>
