
Microsoft Visual Studio Solution File, Format Version 12.00
Project("{FAE04EC0-301F-11D3-BF4B-00C04F79EFBC}") = "Client", "Client\Client.csproj", "{387A6BE5-89AB-4B6E-BC4C-53D8383CA4C5}"
EndProject
Project("{FAE04EC0-301F-11D3-BF4B-00C04F79EFBC}") = "API", "API\API.csproj", "{4766D4E8-C2A0-45D5-96A6-BF6EC99673A0}"
EndProject
Project("{FAE04EC0-301F-11D3-BF4B-00C04F79EFBC}") = "AppHost", "AppHost\AppHost.csproj", "{0BFC4F9B-A6DC-4173-8124-4BA96CD8A9AF}"
EndProject
Project("{FAE04EC0-301F-11D3-BF4B-00C04F79EFBC}") = "Shared", "Shared\Shared.csproj", "{615B2351-55D6-4A98-8897-C578696E5576}"
EndProject
Global
	GlobalSection(SolutionConfigurationPlatforms) = preSolution
		Debug|Any CPU = Debug|Any CPU
		Release|Any CPU = Release|Any CPU
	EndGlobalSection
	GlobalSection(ProjectConfigurationPlatforms) = postSolution
		{387A6BE5-89AB-4B6E-BC4C-53D8383CA4C5}.Debug|Any CPU.ActiveCfg = Debug|Any CPU
		{387A6BE5-89AB-4B6E-BC4C-53D8383CA4C5}.Debug|Any CPU.Build.0 = Debug|Any CPU
		{387A6BE5-89AB-4B6E-BC4C-53D8383CA4C5}.Release|Any CPU.ActiveCfg = Release|Any CPU
		{387A6BE5-89AB-4B6E-BC4C-53D8383CA4C5}.Release|Any CPU.Build.0 = Release|Any CPU
		{4766D4E8-C2A0-45D5-96A6-BF6EC99673A0}.Debug|Any CPU.ActiveCfg = Debug|Any CPU
		{4766D4E8-C2A0-45D5-96A6-BF6EC99673A0}.Debug|Any CPU.Build.0 = Debug|Any CPU
		{4766D4E8-C2A0-45D5-96A6-BF6EC99673A0}.Release|Any CPU.ActiveCfg = Release|Any CPU
		{4766D4E8-C2A0-45D5-96A6-BF6EC99673A0}.Release|Any CPU.Build.0 = Release|Any CPU
		{0BFC4F9B-A6DC-4173-8124-4BA96CD8A9AF}.Debug|Any CPU.ActiveCfg = Debug|Any CPU
		{0BFC4F9B-A6DC-4173-8124-4BA96CD8A9AF}.Debug|Any CPU.Build.0 = Debug|Any CPU
		{0BFC4F9B-A6DC-4173-8124-4BA96CD8A9AF}.Release|Any CPU.ActiveCfg = Release|Any CPU
		{0BFC4F9B-A6DC-4173-8124-4BA96CD8A9AF}.Release|Any CPU.Build.0 = Release|Any CPU
		{615B2351-55D6-4A98-8897-C578696E5576}.Debug|Any CPU.ActiveCfg = Debug|Any CPU
		{615B2351-55D6-4A98-8897-C578696E5576}.Debug|Any CPU.Build.0 = Debug|Any CPU
		{615B2351-55D6-4A98-8897-C578696E5576}.Release|Any CPU.ActiveCfg = Release|Any CPU
		{615B2351-55D6-4A98-8897-C578696E5576}.Release|Any CPU.Build.0 = Release|Any CPU
	EndGlobalSection
EndGlobal
